// !$*UTF8*$!
{
	archiveVersion = 1;
	classes = {
	};
	objectVersion = 46;
	objects = {

/* Begin PBXBuildFile section */
		0CD0D5741C6B62E900A24DED /* PlayerVC.swift in Sources */ = {isa = PBXBuildFile; fileRef = 0CD0D5731C6B62E900A24DED /* PlayerVC.swift */; };
		4B7BFFD544FA10D097EEC177 /* Pods_CatDogTube.framework in Frameworks */ = {isa = PBXBuildFile; fileRef = D806D44D3A88D5DB77DFD26B /* Pods_CatDogTube.framework */; };
		59047C551CA786AC0051C489 /* SearchVideoUseCase.swift in Sources */ = {isa = PBXBuildFile; fileRef = 59047C541CA786AC0051C489 /* SearchVideoUseCase.swift */; };
		59047C5B1CA7A61B0051C489 /* YouTubeVideo.swift in Sources */ = {isa = PBXBuildFile; fileRef = 59047C5A1CA7A61B0051C489 /* YouTubeVideo.swift */; };
		59047C5E1CA7A7910051C489 /* YouTubeDataSource.swift in Sources */ = {isa = PBXBuildFile; fileRef = 59047C5D1CA7A7910051C489 /* YouTubeDataSource.swift */; };
		59047C611CA7AD8A0051C489 /* VideoTranslater.swift in Sources */ = {isa = PBXBuildFile; fileRef = 59047C601CA7AD8A0051C489 /* VideoTranslater.swift */; };
		59047C651CA7C3EB0051C489 /* SegmentFactory.swift in Sources */ = {isa = PBXBuildFile; fileRef = 59047C641CA7C3EB0051C489 /* SegmentFactory.swift */; };
		59047C671CA7C4600051C489 /* LoadVideoUseCase.swift in Sources */ = {isa = PBXBuildFile; fileRef = 59047C661CA7C4600051C489 /* LoadVideoUseCase.swift */; };
		59047C691CA7FCF00051C489 /* LoadVideoPresenter.swift in Sources */ = {isa = PBXBuildFile; fileRef = 59047C681CA7FCF00051C489 /* LoadVideoPresenter.swift */; };
		590491A71CC1EA3700FEABAD /* ContentType.swift in Sources */ = {isa = PBXBuildFile; fileRef = 590491A61CC1EA3700FEABAD /* ContentType.swift */; };
		590491A91CC23D0E00FEABAD /* FavoriteListUseCase.swift in Sources */ = {isa = PBXBuildFile; fileRef = 590491A81CC23D0E00FEABAD /* FavoriteListUseCase.swift */; };
		590491AB1CC23EA200FEABAD /* FavoritesRepository.swift in Sources */ = {isa = PBXBuildFile; fileRef = 590491AA1CC23EA200FEABAD /* FavoritesRepository.swift */; };
		590491AE1CC2439500FEABAD /* DummyFavoritesRepository.swift in Sources */ = {isa = PBXBuildFile; fileRef = 590491AD1CC2439500FEABAD /* DummyFavoritesRepository.swift */; };
		590491B31CCB18E700FEABAD /* FavoritesDatasource.swift in Sources */ = {isa = PBXBuildFile; fileRef = 590491B21CCB18E700FEABAD /* FavoritesDatasource.swift */; };
		590491C21CCB207200FEABAD /* Favorites.xcdatamodeld in Sources */ = {isa = PBXBuildFile; fileRef = 590491C01CCB207200FEABAD /* Favorites.xcdatamodeld */; };
		590491C51CCB212F00FEABAD /* FavoriteVideo+CoreDataProperties.swift in Sources */ = {isa = PBXBuildFile; fileRef = 590491C31CCB212F00FEABAD /* FavoriteVideo+CoreDataProperties.swift */; };
		590491C61CCB212F00FEABAD /* FavoriteVideo.swift in Sources */ = {isa = PBXBuildFile; fileRef = 590491C41CCB212F00FEABAD /* FavoriteVideo.swift */; };
		590491C81CCCE44500FEABAD /* SearchVideoRepository.swift in Sources */ = {isa = PBXBuildFile; fileRef = 590491C71CCCE44500FEABAD /* SearchVideoRepository.swift */; };
		590A83541C532858000C6179 /* Video.swift in Sources */ = {isa = PBXBuildFile; fileRef = 590A83531C532858000C6179 /* Video.swift */; };
		590A83571C5390C8000C6179 /* String+extension.swift in Sources */ = {isa = PBXBuildFile; fileRef = 590A83561C5390C8000C6179 /* String+extension.swift */; };
		590A835A1C5463BB000C6179 /* YouTubeDataParser.swift in Sources */ = {isa = PBXBuildFile; fileRef = 590A83591C5463BB000C6179 /* YouTubeDataParser.swift */; };
		590A835C1C5469EA000C6179 /* YouTubeDataParserTests.swift in Sources */ = {isa = PBXBuildFile; fileRef = 590A835B1C5469EA000C6179 /* YouTubeDataParserTests.swift */; };
		590A835E1C546A16000C6179 /* searchResponse.json in Resources */ = {isa = PBXBuildFile; fileRef = 590A835D1C546A16000C6179 /* searchResponse.json */; };
		590A83601C54ED8E000C6179 /* VideoCollectionVC.swift in Sources */ = {isa = PBXBuildFile; fileRef = 590A835F1C54ED8E000C6179 /* VideoCollectionVC.swift */; };
		590A83631C54F4EA000C6179 /* VideoCollectionDataSource.swift in Sources */ = {isa = PBXBuildFile; fileRef = 590A83621C54F4EA000C6179 /* VideoCollectionDataSource.swift */; };
		590A83651C54F6BE000C6179 /* VideoCell.swift in Sources */ = {isa = PBXBuildFile; fileRef = 590A83641C54F6BE000C6179 /* VideoCell.swift */; };
		590A836B1C5C9E58000C6179 /* SegueIdentifier.swift in Sources */ = {isa = PBXBuildFile; fileRef = 590A836A1C5C9E58000C6179 /* SegueIdentifier.swift */; };
		590DAECE1C7027F2002281B4 /* Text.swift in Sources */ = {isa = PBXBuildFile; fileRef = 590DAECD1C7027F2002281B4 /* Text.swift */; };
		590DAED31C702B70002281B4 /* Localizable.strings in Resources */ = {isa = PBXBuildFile; fileRef = 590DAED51C702B70002281B4 /* Localizable.strings */; };
		590DAEDC1C70464B002281B4 /* UIImage+extension.swift in Sources */ = {isa = PBXBuildFile; fileRef = 590DAEDB1C70464B002281B4 /* UIImage+extension.swift */; };
		590DAEDF1C70A8C0002281B4 /* Segment.swift in Sources */ = {isa = PBXBuildFile; fileRef = 590DAEDE1C70A8C0002281B4 /* Segment.swift */; };
		5957659A1DE088D000FEBAD8 /* GeneratedMocks.swift in Sources */ = {isa = PBXBuildFile; fileRef = 595765991DE088D000FEBAD8 /* GeneratedMocks.swift */; };
		595765AA1DE12B1300FEBAD8 /* TeamRepositoryTests.swift in Sources */ = {isa = PBXBuildFile; fileRef = 595765A91DE12B1300FEBAD8 /* TeamRepositoryTests.swift */; };
		596456D51C721437005FA866 /* Screen.swift in Sources */ = {isa = PBXBuildFile; fileRef = 596456D41C721437005FA866 /* Screen.swift */; };
		596456D91C7E03ED005FA866 /* Http.swift in Sources */ = {isa = PBXBuildFile; fileRef = 596456D81C7E03ED005FA866 /* Http.swift */; };
		59751D9A1CF0077400B704D2 /* MainVC.swift in Sources */ = {isa = PBXBuildFile; fileRef = 59751D991CF0077400B704D2 /* MainVC.swift */; };
		59751D9C1CF00AF700B704D2 /* UIStoryBoard+extension.swift in Sources */ = {isa = PBXBuildFile; fileRef = 59751D9B1CF00AF700B704D2 /* UIStoryBoard+extension.swift */; };
		59751D9E1CF5E05C00B704D2 /* PlayVideoPresenter.swift in Sources */ = {isa = PBXBuildFile; fileRef = 59751D9D1CF5E05C00B704D2 /* PlayVideoPresenter.swift */; };
		59751DA01CF92CDE00B704D2 /* PlayVideoPresenterTests.swift in Sources */ = {isa = PBXBuildFile; fileRef = 59751D9F1CF92CDE00B704D2 /* PlayVideoPresenterTests.swift */; };
		59751DA21CF9305300B704D2 /* UIDevice+extension.swift in Sources */ = {isa = PBXBuildFile; fileRef = 59751DA11CF9305300B704D2 /* UIDevice+extension.swift */; };
		59774B5C1C82877D00302A65 /* HttpTests.swift in Sources */ = {isa = PBXBuildFile; fileRef = 59774B5B1C82877D00302A65 /* HttpTests.swift */; };
		5990C0781C66F9EE006762CE /* UIScrollView+extension.swift in Sources */ = {isa = PBXBuildFile; fileRef = 5990C0771C66F9EE006762CE /* UIScrollView+extension.swift */; };
		5990C07A1C6C1D22006762CE /* UIViewController+extension.swift in Sources */ = {isa = PBXBuildFile; fileRef = 5990C0791C6C1D22006762CE /* UIViewController+extension.swift */; };
		5991FEA01C6ECA8A007F484A /* UIImageView+extension.swift in Sources */ = {isa = PBXBuildFile; fileRef = 5991FE9F1C6ECA8A007F484A /* UIImageView+extension.swift */; };
		5995F3961C95453F00F07172 /* NSCalender+extension.swift in Sources */ = {isa = PBXBuildFile; fileRef = 5995F3951C95453F00F07172 /* NSCalender+extension.swift */; };
		5995F3981C9545F700F07172 /* NSCalendarTests.swift in Sources */ = {isa = PBXBuildFile; fileRef = 5995F3971C9545F700F07172 /* NSCalendarTests.swift */; };
		5995F39A1C954EB500F07172 /* NSDate+extension.swift in Sources */ = {isa = PBXBuildFile; fileRef = 5995F3991C954EB500F07172 /* NSDate+extension.swift */; };
		59A88ABA1C4B1BAD00D40B23 /* AppDelegate.swift in Sources */ = {isa = PBXBuildFile; fileRef = 59A88AB91C4B1BAD00D40B23 /* AppDelegate.swift */; };
		59A88ABC1C4B1BAD00D40B23 /* SegmentedVC.swift in Sources */ = {isa = PBXBuildFile; fileRef = 59A88ABB1C4B1BAD00D40B23 /* SegmentedVC.swift */; };
		59A88ABF1C4B1BAD00D40B23 /* Main.storyboard in Resources */ = {isa = PBXBuildFile; fileRef = 59A88ABD1C4B1BAD00D40B23 /* Main.storyboard */; };
		59A88AC11C4B1BAD00D40B23 /* Assets.xcassets in Resources */ = {isa = PBXBuildFile; fileRef = 59A88AC01C4B1BAD00D40B23 /* Assets.xcassets */; };
		59A88AC41C4B1BAD00D40B23 /* LaunchScreen.storyboard in Resources */ = {isa = PBXBuildFile; fileRef = 59A88AC21C4B1BAD00D40B23 /* LaunchScreen.storyboard */; };
		59A88ACF1C4B1BAD00D40B23 /* CatDogTubeTests.swift in Sources */ = {isa = PBXBuildFile; fileRef = 59A88ACE1C4B1BAD00D40B23 /* CatDogTubeTests.swift */; };
		59A88ADA1C4B1BAD00D40B23 /* CatDogTubeUITests.swift in Sources */ = {isa = PBXBuildFile; fileRef = 59A88AD91C4B1BAD00D40B23 /* CatDogTubeUITests.swift */; };
		59A88AE81C4B2DA000D40B23 /* Settings.bundle in Resources */ = {isa = PBXBuildFile; fileRef = 59A88AE71C4B2DA000D40B23 /* Settings.bundle */; };
		59AAC0AB1DE18718007ADE97 /* VideoCollectionContract.swift in Sources */ = {isa = PBXBuildFile; fileRef = 59AAC0AA1DE18718007ADE97 /* VideoCollectionContract.swift */; };
		59AAC0AD1DE19DEE007ADE97 /* LoadVideoPresernterTests.swift in Sources */ = {isa = PBXBuildFile; fileRef = 59AAC0AC1DE19DEE007ADE97 /* LoadVideoPresernterTests.swift */; };
		59ADE6CC1CB2365A001A6BD0 /* VideoTranslaterTests.swift in Sources */ = {isa = PBXBuildFile; fileRef = 59ADE6CB1CB2365A001A6BD0 /* VideoTranslaterTests.swift */; };
		59ADE6CE1CB24A87001A6BD0 /* NSThread+extension.swift in Sources */ = {isa = PBXBuildFile; fileRef = 59ADE6CD1CB24A87001A6BD0 /* NSThread+extension.swift */; };
		59ADE6D31CB2857B001A6BD0 /* TryReloadView.swift in Sources */ = {isa = PBXBuildFile; fileRef = 59ADE6D11CB2857B001A6BD0 /* TryReloadView.swift */; };
		59ADE6D41CB2857B001A6BD0 /* TryReloadView.xib in Resources */ = {isa = PBXBuildFile; fileRef = 59ADE6D21CB2857B001A6BD0 /* TryReloadView.xib */; };
		59B3A9C91D9561BC00BAF092 /* Notifications.swift in Sources */ = {isa = PBXBuildFile; fileRef = 59B3A9C81D9561BC00BAF092 /* Notifications.swift */; };
		59B3A9CB1D9766BE00BAF092 /* UIView+extension.swift in Sources */ = {isa = PBXBuildFile; fileRef = 59B3A9CA1D9766BE00BAF092 /* UIView+extension.swift */; };
		59B4F1621D8E3CAC009068ED /* TeamSelectViewController.swift in Sources */ = {isa = PBXBuildFile; fileRef = 59B4F1601D8E3CAC009068ED /* TeamSelectViewController.swift */; };
		59B4F1631D8E3CAC009068ED /* TeamSelectViewController.xib in Resources */ = {isa = PBXBuildFile; fileRef = 59B4F1611D8E3CAC009068ED /* TeamSelectViewController.xib */; };
		59B4F1661D8E68CC009068ED /* TeamUseCase.swift in Sources */ = {isa = PBXBuildFile; fileRef = 59B4F1651D8E68CC009068ED /* TeamUseCase.swift */; };
		59B4F1681D8E6BEE009068ED /* TeamRepository.swift in Sources */ = {isa = PBXBuildFile; fileRef = 59B4F1671D8E6BEE009068ED /* TeamRepository.swift */; };
		59B4F16A1D8E6F69009068ED /* UserDefaultsDataSource.swift in Sources */ = {isa = PBXBuildFile; fileRef = 59B4F1691D8E6F69009068ED /* UserDefaultsDataSource.swift */; };
		59B4F16C1D8E733B009068ED /* TeamSelectPresenter.swift in Sources */ = {isa = PBXBuildFile; fileRef = 59B4F16B1D8E733B009068ED /* TeamSelectPresenter.swift */; };
		59B4F16E1D8F66F8009068ED /* Team.swift in Sources */ = {isa = PBXBuildFile; fileRef = 59B4F16D1D8F66F8009068ED /* Team.swift */; };
		59B4F1701D8F7A70009068ED /* TeamTests.swift in Sources */ = {isa = PBXBuildFile; fileRef = 59B4F16F1D8F7A70009068ED /* TeamTests.swift */; };
		59B91F621D79BBC000548945 /* VideoExcluder.swift in Sources */ = {isa = PBXBuildFile; fileRef = 59B91F611D79BBC000548945 /* VideoExcluder.swift */; };
		59B91F641D79C3B700548945 /* VideoExcluderTests.swift in Sources */ = {isa = PBXBuildFile; fileRef = 59B91F631D79C3B700548945 /* VideoExcluderTests.swift */; };
		59EE7D4D1DF3DE0B00121F7B /* ThreadExecutorProtocol.swift in Sources */ = {isa = PBXBuildFile; fileRef = 59EE7D4C1DF3DE0B00121F7B /* ThreadExecutorProtocol.swift */; };
		59EE7D4F1DF3E17200121F7B /* ThreadExecutor.swift in Sources */ = {isa = PBXBuildFile; fileRef = 59EE7D4E1DF3E17200121F7B /* ThreadExecutor.swift */; };
		59EE7D511DF3E48800121F7B /* DummyThreadExecutor.swift in Sources */ = {isa = PBXBuildFile; fileRef = 59EE7D501DF3E48800121F7B /* DummyThreadExecutor.swift */; };
		BE8CDDA01DFBCE4500146016 /* PlayerContract.swift in Sources */ = {isa = PBXBuildFile; fileRef = BE8CDD9F1DFBCE4500146016 /* PlayerContract.swift */; };
		BE8CDDA21DFBF05500146016 /* SegmentedContract.swift in Sources */ = {isa = PBXBuildFile; fileRef = BE8CDDA11DFBF05500146016 /* SegmentedContract.swift */; };
		BE8CDDA41DFBF1C200146016 /* SegmentsPresenter.swift in Sources */ = {isa = PBXBuildFile; fileRef = BE8CDDA31DFBF1C200146016 /* SegmentsPresenter.swift */; };
		F9FC9ED417C94EA636F4A61A /* Pods_CatDogTubeUITests.framework in Frameworks */ = {isa = PBXBuildFile; fileRef = DE67EEB29397D671B1E46C7B /* Pods_CatDogTubeUITests.framework */; };
		FECEF3310CD3B571C53438CA /* Pods_CatDogTubeTests.framework in Frameworks */ = {isa = PBXBuildFile; fileRef = 56474FC43CBA4C3810643B69 /* Pods_CatDogTubeTests.framework */; };
/* End PBXBuildFile section */

/* Begin PBXContainerItemProxy section */
		59A88ACB1C4B1BAD00D40B23 /* PBXContainerItemProxy */ = {
			isa = PBXContainerItemProxy;
			containerPortal = 59A88AAE1C4B1BAD00D40B23 /* Project object */;
			proxyType = 1;
			remoteGlobalIDString = 59A88AB51C4B1BAD00D40B23;
			remoteInfo = CatDogTube;
		};
		59A88AD61C4B1BAD00D40B23 /* PBXContainerItemProxy */ = {
			isa = PBXContainerItemProxy;
			containerPortal = 59A88AAE1C4B1BAD00D40B23 /* Project object */;
			proxyType = 1;
			remoteGlobalIDString = 59A88AB51C4B1BAD00D40B23;
			remoteInfo = CatDogTube;
		};
/* End PBXContainerItemProxy section */

/* Begin PBXFileReference section */
		0A25B3397100E83A4C82EA5F /* Pods-CatDogTubeTests.release.xcconfig */ = {isa = PBXFileReference; includeInIndex = 1; lastKnownFileType = text.xcconfig; name = "Pods-CatDogTubeTests.release.xcconfig"; path = "Pods/Target Support Files/Pods-CatDogTubeTests/Pods-CatDogTubeTests.release.xcconfig"; sourceTree = "<group>"; };
		0CD0D5731C6B62E900A24DED /* PlayerVC.swift */ = {isa = PBXFileReference; fileEncoding = 4; lastKnownFileType = sourcecode.swift; path = PlayerVC.swift; sourceTree = "<group>"; };
		56474FC43CBA4C3810643B69 /* Pods_CatDogTubeTests.framework */ = {isa = PBXFileReference; explicitFileType = wrapper.framework; includeInIndex = 0; path = Pods_CatDogTubeTests.framework; sourceTree = BUILT_PRODUCTS_DIR; };
		59047C541CA786AC0051C489 /* SearchVideoUseCase.swift */ = {isa = PBXFileReference; fileEncoding = 4; lastKnownFileType = sourcecode.swift; path = SearchVideoUseCase.swift; sourceTree = "<group>"; };
		59047C5A1CA7A61B0051C489 /* YouTubeVideo.swift */ = {isa = PBXFileReference; fileEncoding = 4; lastKnownFileType = sourcecode.swift; path = YouTubeVideo.swift; sourceTree = "<group>"; };
		59047C5D1CA7A7910051C489 /* YouTubeDataSource.swift */ = {isa = PBXFileReference; fileEncoding = 4; lastKnownFileType = sourcecode.swift; path = YouTubeDataSource.swift; sourceTree = "<group>"; };
		59047C601CA7AD8A0051C489 /* VideoTranslater.swift */ = {isa = PBXFileReference; fileEncoding = 4; lastKnownFileType = sourcecode.swift; path = VideoTranslater.swift; sourceTree = "<group>"; };
		59047C641CA7C3EB0051C489 /* SegmentFactory.swift */ = {isa = PBXFileReference; fileEncoding = 4; lastKnownFileType = sourcecode.swift; path = SegmentFactory.swift; sourceTree = "<group>"; };
		59047C661CA7C4600051C489 /* LoadVideoUseCase.swift */ = {isa = PBXFileReference; fileEncoding = 4; lastKnownFileType = sourcecode.swift; path = LoadVideoUseCase.swift; sourceTree = "<group>"; };
		59047C681CA7FCF00051C489 /* LoadVideoPresenter.swift */ = {isa = PBXFileReference; fileEncoding = 4; lastKnownFileType = sourcecode.swift; path = LoadVideoPresenter.swift; sourceTree = "<group>"; };
		590491A61CC1EA3700FEABAD /* ContentType.swift */ = {isa = PBXFileReference; fileEncoding = 4; lastKnownFileType = sourcecode.swift; path = ContentType.swift; sourceTree = "<group>"; };
		590491A81CC23D0E00FEABAD /* FavoriteListUseCase.swift */ = {isa = PBXFileReference; fileEncoding = 4; lastKnownFileType = sourcecode.swift; path = FavoriteListUseCase.swift; sourceTree = "<group>"; };
		590491AA1CC23EA200FEABAD /* FavoritesRepository.swift */ = {isa = PBXFileReference; fileEncoding = 4; lastKnownFileType = sourcecode.swift; path = FavoritesRepository.swift; sourceTree = "<group>"; };
		590491AD1CC2439500FEABAD /* DummyFavoritesRepository.swift */ = {isa = PBXFileReference; fileEncoding = 4; lastKnownFileType = sourcecode.swift; path = DummyFavoritesRepository.swift; sourceTree = "<group>"; };
		590491B21CCB18E700FEABAD /* FavoritesDatasource.swift */ = {isa = PBXFileReference; fileEncoding = 4; lastKnownFileType = sourcecode.swift; path = FavoritesDatasource.swift; sourceTree = "<group>"; };
		590491C11CCB207200FEABAD /* Favorites.xcdatamodel */ = {isa = PBXFileReference; lastKnownFileType = wrapper.xcdatamodel; path = Favorites.xcdatamodel; sourceTree = "<group>"; };
		590491C31CCB212F00FEABAD /* FavoriteVideo+CoreDataProperties.swift */ = {isa = PBXFileReference; fileEncoding = 4; lastKnownFileType = sourcecode.swift; path = "FavoriteVideo+CoreDataProperties.swift"; sourceTree = "<group>"; };
		590491C41CCB212F00FEABAD /* FavoriteVideo.swift */ = {isa = PBXFileReference; fileEncoding = 4; lastKnownFileType = sourcecode.swift; path = FavoriteVideo.swift; sourceTree = "<group>"; };
		590491C71CCCE44500FEABAD /* SearchVideoRepository.swift */ = {isa = PBXFileReference; fileEncoding = 4; lastKnownFileType = sourcecode.swift; path = SearchVideoRepository.swift; sourceTree = "<group>"; };
		590A83531C532858000C6179 /* Video.swift */ = {isa = PBXFileReference; fileEncoding = 4; lastKnownFileType = sourcecode.swift; path = Video.swift; sourceTree = "<group>"; };
		590A83561C5390C8000C6179 /* String+extension.swift */ = {isa = PBXFileReference; fileEncoding = 4; lastKnownFileType = sourcecode.swift; path = "String+extension.swift"; sourceTree = "<group>"; };
		590A83591C5463BB000C6179 /* YouTubeDataParser.swift */ = {isa = PBXFileReference; fileEncoding = 4; lastKnownFileType = sourcecode.swift; path = YouTubeDataParser.swift; sourceTree = "<group>"; };
		590A835B1C5469EA000C6179 /* YouTubeDataParserTests.swift */ = {isa = PBXFileReference; fileEncoding = 4; lastKnownFileType = sourcecode.swift; path = YouTubeDataParserTests.swift; sourceTree = "<group>"; };
		590A835D1C546A16000C6179 /* searchResponse.json */ = {isa = PBXFileReference; fileEncoding = 4; lastKnownFileType = text.json; path = searchResponse.json; sourceTree = "<group>"; };
		590A835F1C54ED8E000C6179 /* VideoCollectionVC.swift */ = {isa = PBXFileReference; fileEncoding = 4; lastKnownFileType = sourcecode.swift; path = VideoCollectionVC.swift; sourceTree = "<group>"; };
		590A83621C54F4EA000C6179 /* VideoCollectionDataSource.swift */ = {isa = PBXFileReference; fileEncoding = 4; lastKnownFileType = sourcecode.swift; path = VideoCollectionDataSource.swift; sourceTree = "<group>"; };
		590A83641C54F6BE000C6179 /* VideoCell.swift */ = {isa = PBXFileReference; fileEncoding = 4; lastKnownFileType = sourcecode.swift; path = VideoCell.swift; sourceTree = "<group>"; };
		590A836A1C5C9E58000C6179 /* SegueIdentifier.swift */ = {isa = PBXFileReference; fileEncoding = 4; lastKnownFileType = sourcecode.swift; path = SegueIdentifier.swift; sourceTree = "<group>"; };
		590DAECD1C7027F2002281B4 /* Text.swift */ = {isa = PBXFileReference; fileEncoding = 4; lastKnownFileType = sourcecode.swift; path = Text.swift; sourceTree = "<group>"; };
		590DAED41C702B70002281B4 /* Base */ = {isa = PBXFileReference; lastKnownFileType = text.plist.strings; name = Base; path = Base.lproj/Localizable.strings; sourceTree = "<group>"; };
		590DAED91C702C8D002281B4 /* ja */ = {isa = PBXFileReference; lastKnownFileType = text.plist.strings; name = ja; path = ja.lproj/Localizable.strings; sourceTree = "<group>"; };
		590DAEDB1C70464B002281B4 /* UIImage+extension.swift */ = {isa = PBXFileReference; fileEncoding = 4; lastKnownFileType = sourcecode.swift; path = "UIImage+extension.swift"; sourceTree = "<group>"; };
		590DAEDE1C70A8C0002281B4 /* Segment.swift */ = {isa = PBXFileReference; fileEncoding = 4; lastKnownFileType = sourcecode.swift; path = Segment.swift; sourceTree = "<group>"; };
		595765991DE088D000FEBAD8 /* GeneratedMocks.swift */ = {isa = PBXFileReference; fileEncoding = 4; lastKnownFileType = sourcecode.swift; path = GeneratedMocks.swift; sourceTree = "<group>"; };
		595765A91DE12B1300FEBAD8 /* TeamRepositoryTests.swift */ = {isa = PBXFileReference; fileEncoding = 4; lastKnownFileType = sourcecode.swift; path = TeamRepositoryTests.swift; sourceTree = "<group>"; };
		596456D41C721437005FA866 /* Screen.swift */ = {isa = PBXFileReference; fileEncoding = 4; lastKnownFileType = sourcecode.swift; path = Screen.swift; sourceTree = "<group>"; };
		596456D81C7E03ED005FA866 /* Http.swift */ = {isa = PBXFileReference; fileEncoding = 4; lastKnownFileType = sourcecode.swift; path = Http.swift; sourceTree = "<group>"; };
		59751D991CF0077400B704D2 /* MainVC.swift */ = {isa = PBXFileReference; fileEncoding = 4; lastKnownFileType = sourcecode.swift; path = MainVC.swift; sourceTree = "<group>"; };
		59751D9B1CF00AF700B704D2 /* UIStoryBoard+extension.swift */ = {isa = PBXFileReference; fileEncoding = 4; lastKnownFileType = sourcecode.swift; path = "UIStoryBoard+extension.swift"; sourceTree = "<group>"; };
		59751D9D1CF5E05C00B704D2 /* PlayVideoPresenter.swift */ = {isa = PBXFileReference; fileEncoding = 4; lastKnownFileType = sourcecode.swift; path = PlayVideoPresenter.swift; sourceTree = "<group>"; };
		59751D9F1CF92CDE00B704D2 /* PlayVideoPresenterTests.swift */ = {isa = PBXFileReference; fileEncoding = 4; lastKnownFileType = sourcecode.swift; path = PlayVideoPresenterTests.swift; sourceTree = "<group>"; };
		59751DA11CF9305300B704D2 /* UIDevice+extension.swift */ = {isa = PBXFileReference; fileEncoding = 4; lastKnownFileType = sourcecode.swift; path = "UIDevice+extension.swift"; sourceTree = "<group>"; };
		59774B5B1C82877D00302A65 /* HttpTests.swift */ = {isa = PBXFileReference; fileEncoding = 4; lastKnownFileType = sourcecode.swift; path = HttpTests.swift; sourceTree = "<group>"; };
		5990C0771C66F9EE006762CE /* UIScrollView+extension.swift */ = {isa = PBXFileReference; fileEncoding = 4; lastKnownFileType = sourcecode.swift; path = "UIScrollView+extension.swift"; sourceTree = "<group>"; };
		5990C0791C6C1D22006762CE /* UIViewController+extension.swift */ = {isa = PBXFileReference; fileEncoding = 4; lastKnownFileType = sourcecode.swift; path = "UIViewController+extension.swift"; sourceTree = "<group>"; };
		5991FE9F1C6ECA8A007F484A /* UIImageView+extension.swift */ = {isa = PBXFileReference; fileEncoding = 4; lastKnownFileType = sourcecode.swift; path = "UIImageView+extension.swift"; sourceTree = "<group>"; };
		5995F3951C95453F00F07172 /* NSCalender+extension.swift */ = {isa = PBXFileReference; fileEncoding = 4; lastKnownFileType = sourcecode.swift; path = "NSCalender+extension.swift"; sourceTree = "<group>"; };
		5995F3971C9545F700F07172 /* NSCalendarTests.swift */ = {isa = PBXFileReference; fileEncoding = 4; lastKnownFileType = sourcecode.swift; path = NSCalendarTests.swift; sourceTree = "<group>"; };
		5995F3991C954EB500F07172 /* NSDate+extension.swift */ = {isa = PBXFileReference; fileEncoding = 4; lastKnownFileType = sourcecode.swift; path = "NSDate+extension.swift"; sourceTree = "<group>"; };
		59A88AB61C4B1BAD00D40B23 /* CatDogTube.app */ = {isa = PBXFileReference; explicitFileType = wrapper.application; includeInIndex = 0; path = CatDogTube.app; sourceTree = BUILT_PRODUCTS_DIR; };
		59A88AB91C4B1BAD00D40B23 /* AppDelegate.swift */ = {isa = PBXFileReference; fileEncoding = 4; lastKnownFileType = sourcecode.swift; path = AppDelegate.swift; sourceTree = "<group>"; };
		59A88ABB1C4B1BAD00D40B23 /* SegmentedVC.swift */ = {isa = PBXFileReference; fileEncoding = 4; lastKnownFileType = sourcecode.swift; path = SegmentedVC.swift; sourceTree = "<group>"; };
		59A88ABE1C4B1BAD00D40B23 /* Base */ = {isa = PBXFileReference; lastKnownFileType = file.storyboard; name = Base; path = Base.lproj/Main.storyboard; sourceTree = "<group>"; };
		59A88AC01C4B1BAD00D40B23 /* Assets.xcassets */ = {isa = PBXFileReference; lastKnownFileType = folder.assetcatalog; path = Assets.xcassets; sourceTree = "<group>"; };
		59A88AC31C4B1BAD00D40B23 /* Base */ = {isa = PBXFileReference; lastKnownFileType = file.storyboard; name = Base; path = Base.lproj/LaunchScreen.storyboard; sourceTree = "<group>"; };
		59A88AC51C4B1BAD00D40B23 /* Info.plist */ = {isa = PBXFileReference; fileEncoding = 4; lastKnownFileType = text.plist.xml; path = Info.plist; sourceTree = "<group>"; };
		59A88ACA1C4B1BAD00D40B23 /* CatDogTubeTests.xctest */ = {isa = PBXFileReference; explicitFileType = wrapper.cfbundle; includeInIndex = 0; path = CatDogTubeTests.xctest; sourceTree = BUILT_PRODUCTS_DIR; };
		59A88ACE1C4B1BAD00D40B23 /* CatDogTubeTests.swift */ = {isa = PBXFileReference; lastKnownFileType = sourcecode.swift; path = CatDogTubeTests.swift; sourceTree = "<group>"; };
		59A88AD01C4B1BAD00D40B23 /* Info.plist */ = {isa = PBXFileReference; lastKnownFileType = text.plist.xml; path = Info.plist; sourceTree = "<group>"; };
		59A88AD51C4B1BAD00D40B23 /* CatDogTubeUITests.xctest */ = {isa = PBXFileReference; explicitFileType = wrapper.cfbundle; includeInIndex = 0; path = CatDogTubeUITests.xctest; sourceTree = BUILT_PRODUCTS_DIR; };
		59A88AD91C4B1BAD00D40B23 /* CatDogTubeUITests.swift */ = {isa = PBXFileReference; lastKnownFileType = sourcecode.swift; path = CatDogTubeUITests.swift; sourceTree = "<group>"; };
		59A88ADB1C4B1BAD00D40B23 /* Info.plist */ = {isa = PBXFileReference; lastKnownFileType = text.plist.xml; path = Info.plist; sourceTree = "<group>"; };
		59A88AE71C4B2DA000D40B23 /* Settings.bundle */ = {isa = PBXFileReference; lastKnownFileType = "wrapper.plug-in"; path = Settings.bundle; sourceTree = "<group>"; };
		59AAC0AA1DE18718007ADE97 /* VideoCollectionContract.swift */ = {isa = PBXFileReference; fileEncoding = 4; lastKnownFileType = sourcecode.swift; path = VideoCollectionContract.swift; sourceTree = "<group>"; };
		59AAC0AC1DE19DEE007ADE97 /* LoadVideoPresernterTests.swift */ = {isa = PBXFileReference; fileEncoding = 4; lastKnownFileType = sourcecode.swift; path = LoadVideoPresernterTests.swift; sourceTree = "<group>"; };
		59ADE6CB1CB2365A001A6BD0 /* VideoTranslaterTests.swift */ = {isa = PBXFileReference; fileEncoding = 4; lastKnownFileType = sourcecode.swift; path = VideoTranslaterTests.swift; sourceTree = "<group>"; };
		59ADE6CD1CB24A87001A6BD0 /* NSThread+extension.swift */ = {isa = PBXFileReference; fileEncoding = 4; lastKnownFileType = sourcecode.swift; path = "NSThread+extension.swift"; sourceTree = "<group>"; };
		59ADE6D11CB2857B001A6BD0 /* TryReloadView.swift */ = {isa = PBXFileReference; fileEncoding = 4; lastKnownFileType = sourcecode.swift; path = TryReloadView.swift; sourceTree = "<group>"; };
		59ADE6D21CB2857B001A6BD0 /* TryReloadView.xib */ = {isa = PBXFileReference; fileEncoding = 4; lastKnownFileType = file.xib; path = TryReloadView.xib; sourceTree = "<group>"; };
		59B3A9C81D9561BC00BAF092 /* Notifications.swift */ = {isa = PBXFileReference; fileEncoding = 4; lastKnownFileType = sourcecode.swift; path = Notifications.swift; sourceTree = "<group>"; };
		59B3A9CA1D9766BE00BAF092 /* UIView+extension.swift */ = {isa = PBXFileReference; fileEncoding = 4; lastKnownFileType = sourcecode.swift; path = "UIView+extension.swift"; sourceTree = "<group>"; };
		59B4F1601D8E3CAC009068ED /* TeamSelectViewController.swift */ = {isa = PBXFileReference; fileEncoding = 4; lastKnownFileType = sourcecode.swift; path = TeamSelectViewController.swift; sourceTree = "<group>"; };
		59B4F1611D8E3CAC009068ED /* TeamSelectViewController.xib */ = {isa = PBXFileReference; fileEncoding = 4; lastKnownFileType = file.xib; path = TeamSelectViewController.xib; sourceTree = "<group>"; };
		59B4F1651D8E68CC009068ED /* TeamUseCase.swift */ = {isa = PBXFileReference; fileEncoding = 4; lastKnownFileType = sourcecode.swift; path = TeamUseCase.swift; sourceTree = "<group>"; };
		59B4F1671D8E6BEE009068ED /* TeamRepository.swift */ = {isa = PBXFileReference; fileEncoding = 4; lastKnownFileType = sourcecode.swift; path = TeamRepository.swift; sourceTree = "<group>"; };
		59B4F1691D8E6F69009068ED /* UserDefaultsDataSource.swift */ = {isa = PBXFileReference; fileEncoding = 4; lastKnownFileType = sourcecode.swift; path = UserDefaultsDataSource.swift; sourceTree = "<group>"; };
		59B4F16B1D8E733B009068ED /* TeamSelectPresenter.swift */ = {isa = PBXFileReference; fileEncoding = 4; lastKnownFileType = sourcecode.swift; path = TeamSelectPresenter.swift; sourceTree = "<group>"; };
		59B4F16D1D8F66F8009068ED /* Team.swift */ = {isa = PBXFileReference; fileEncoding = 4; lastKnownFileType = sourcecode.swift; path = Team.swift; sourceTree = "<group>"; };
		59B4F16F1D8F7A70009068ED /* TeamTests.swift */ = {isa = PBXFileReference; fileEncoding = 4; lastKnownFileType = sourcecode.swift; path = TeamTests.swift; sourceTree = "<group>"; };
		59B91F611D79BBC000548945 /* VideoExcluder.swift */ = {isa = PBXFileReference; fileEncoding = 4; lastKnownFileType = sourcecode.swift; path = VideoExcluder.swift; sourceTree = "<group>"; };
		59B91F631D79C3B700548945 /* VideoExcluderTests.swift */ = {isa = PBXFileReference; fileEncoding = 4; lastKnownFileType = sourcecode.swift; path = VideoExcluderTests.swift; sourceTree = "<group>"; };
		59EE7D4C1DF3DE0B00121F7B /* ThreadExecutorProtocol.swift */ = {isa = PBXFileReference; fileEncoding = 4; lastKnownFileType = sourcecode.swift; path = ThreadExecutorProtocol.swift; sourceTree = "<group>"; };
		59EE7D4E1DF3E17200121F7B /* ThreadExecutor.swift */ = {isa = PBXFileReference; fileEncoding = 4; lastKnownFileType = sourcecode.swift; path = ThreadExecutor.swift; sourceTree = "<group>"; };
		59EE7D501DF3E48800121F7B /* DummyThreadExecutor.swift */ = {isa = PBXFileReference; fileEncoding = 4; lastKnownFileType = sourcecode.swift; path = DummyThreadExecutor.swift; sourceTree = "<group>"; };
		5D3C53F122BC3D82F0D236E6 /* Pods.framework */ = {isa = PBXFileReference; explicitFileType = wrapper.framework; includeInIndex = 0; path = Pods.framework; sourceTree = BUILT_PRODUCTS_DIR; };
		9F593EC182E75B1D20E73949 /* Pods-CatDogTube.release.xcconfig */ = {isa = PBXFileReference; includeInIndex = 1; lastKnownFileType = text.xcconfig; name = "Pods-CatDogTube.release.xcconfig"; path = "Pods/Target Support Files/Pods-CatDogTube/Pods-CatDogTube.release.xcconfig"; sourceTree = "<group>"; };
		BE8CDD9F1DFBCE4500146016 /* PlayerContract.swift */ = {isa = PBXFileReference; fileEncoding = 4; lastKnownFileType = sourcecode.swift; path = PlayerContract.swift; sourceTree = "<group>"; };
		BE8CDDA11DFBF05500146016 /* SegmentedContract.swift */ = {isa = PBXFileReference; fileEncoding = 4; lastKnownFileType = sourcecode.swift; path = SegmentedContract.swift; sourceTree = "<group>"; };
		BE8CDDA31DFBF1C200146016 /* SegmentsPresenter.swift */ = {isa = PBXFileReference; fileEncoding = 4; lastKnownFileType = sourcecode.swift; path = SegmentsPresenter.swift; sourceTree = "<group>"; };
		CCC5773A7B60027082CA6340 /* Pods-CatDogTubeTests.debug.xcconfig */ = {isa = PBXFileReference; includeInIndex = 1; lastKnownFileType = text.xcconfig; name = "Pods-CatDogTubeTests.debug.xcconfig"; path = "Pods/Target Support Files/Pods-CatDogTubeTests/Pods-CatDogTubeTests.debug.xcconfig"; sourceTree = "<group>"; };
		D7547870291555D3AD615F0C /* Pods-CatDogTube.debug.xcconfig */ = {isa = PBXFileReference; includeInIndex = 1; lastKnownFileType = text.xcconfig; name = "Pods-CatDogTube.debug.xcconfig"; path = "Pods/Target Support Files/Pods-CatDogTube/Pods-CatDogTube.debug.xcconfig"; sourceTree = "<group>"; };
		D806D44D3A88D5DB77DFD26B /* Pods_CatDogTube.framework */ = {isa = PBXFileReference; explicitFileType = wrapper.framework; includeInIndex = 0; path = Pods_CatDogTube.framework; sourceTree = BUILT_PRODUCTS_DIR; };
		DE67EEB29397D671B1E46C7B /* Pods_CatDogTubeUITests.framework */ = {isa = PBXFileReference; explicitFileType = wrapper.framework; includeInIndex = 0; path = Pods_CatDogTubeUITests.framework; sourceTree = BUILT_PRODUCTS_DIR; };
		F12275500D4CE045EEB48D28 /* Pods-CatDogTubeUITests.debug.xcconfig */ = {isa = PBXFileReference; includeInIndex = 1; lastKnownFileType = text.xcconfig; name = "Pods-CatDogTubeUITests.debug.xcconfig"; path = "Pods/Target Support Files/Pods-CatDogTubeUITests/Pods-CatDogTubeUITests.debug.xcconfig"; sourceTree = "<group>"; };
		F627FBA79D7A8E25AA30616E /* Pods-CatDogTubeUITests.release.xcconfig */ = {isa = PBXFileReference; includeInIndex = 1; lastKnownFileType = text.xcconfig; name = "Pods-CatDogTubeUITests.release.xcconfig"; path = "Pods/Target Support Files/Pods-CatDogTubeUITests/Pods-CatDogTubeUITests.release.xcconfig"; sourceTree = "<group>"; };
/* End PBXFileReference section */

/* Begin PBXFrameworksBuildPhase section */
		59A88AB31C4B1BAD00D40B23 /* Frameworks */ = {
			isa = PBXFrameworksBuildPhase;
			buildActionMask = 2147483647;
			files = (
				4B7BFFD544FA10D097EEC177 /* Pods_CatDogTube.framework in Frameworks */,
			);
			runOnlyForDeploymentPostprocessing = 0;
		};
		59A88AC71C4B1BAD00D40B23 /* Frameworks */ = {
			isa = PBXFrameworksBuildPhase;
			buildActionMask = 2147483647;
			files = (
				FECEF3310CD3B571C53438CA /* Pods_CatDogTubeTests.framework in Frameworks */,
			);
			runOnlyForDeploymentPostprocessing = 0;
		};
		59A88AD21C4B1BAD00D40B23 /* Frameworks */ = {
			isa = PBXFrameworksBuildPhase;
			buildActionMask = 2147483647;
			files = (
				F9FC9ED417C94EA636F4A61A /* Pods_CatDogTubeUITests.framework in Frameworks */,
			);
			runOnlyForDeploymentPostprocessing = 0;
		};
/* End PBXFrameworksBuildPhase section */

/* Begin PBXGroup section */
		1304634266D9100905F8F650 /* Pods */ = {
			isa = PBXGroup;
			children = (
				D7547870291555D3AD615F0C /* Pods-CatDogTube.debug.xcconfig */,
				9F593EC182E75B1D20E73949 /* Pods-CatDogTube.release.xcconfig */,
				CCC5773A7B60027082CA6340 /* Pods-CatDogTubeTests.debug.xcconfig */,
				0A25B3397100E83A4C82EA5F /* Pods-CatDogTubeTests.release.xcconfig */,
				F12275500D4CE045EEB48D28 /* Pods-CatDogTubeUITests.debug.xcconfig */,
				F627FBA79D7A8E25AA30616E /* Pods-CatDogTubeUITests.release.xcconfig */,
			);
			name = Pods;
			sourceTree = "<group>";
		};
		59047C4F1CA771080051C489 /* Model */ = {
			isa = PBXGroup;
			children = (
				590A83531C532858000C6179 /* Video.swift */,
				590491A61CC1EA3700FEABAD /* ContentType.swift */,
			);
			name = Model;
			sourceTree = "<group>";
		};
		590A83551C5390A8000C6179 /* extension */ = {
			isa = PBXGroup;
			children = (
				590A83561C5390C8000C6179 /* String+extension.swift */,
				59B3A9CA1D9766BE00BAF092 /* UIView+extension.swift */,
				59751DA11CF9305300B704D2 /* UIDevice+extension.swift */,
				5990C0771C66F9EE006762CE /* UIScrollView+extension.swift */,
				5990C0791C6C1D22006762CE /* UIViewController+extension.swift */,
				5991FE9F1C6ECA8A007F484A /* UIImageView+extension.swift */,
				590DAEDB1C70464B002281B4 /* UIImage+extension.swift */,
				5995F3951C95453F00F07172 /* NSCalender+extension.swift */,
				5995F3991C954EB500F07172 /* NSDate+extension.swift */,
				59ADE6CD1CB24A87001A6BD0 /* NSThread+extension.swift */,
				59751D9B1CF00AF700B704D2 /* UIStoryBoard+extension.swift */,
			);
			name = extension;
			sourceTree = "<group>";
		};
		590A83581C546397000C6179 /* YouTube */ = {
			isa = PBXGroup;
			children = (
				59047C5D1CA7A7910051C489 /* YouTubeDataSource.swift */,
				590A83591C5463BB000C6179 /* YouTubeDataParser.swift */,
				59047C5A1CA7A61B0051C489 /* YouTubeVideo.swift */,
			);
			name = YouTube;
			sourceTree = "<group>";
		};
		590A83611C54F4A4000C6179 /* collection */ = {
			isa = PBXGroup;
			children = (
				59047C681CA7FCF00051C489 /* LoadVideoPresenter.swift */,
				590A835F1C54ED8E000C6179 /* VideoCollectionVC.swift */,
				590A83621C54F4EA000C6179 /* VideoCollectionDataSource.swift */,
				590A83641C54F6BE000C6179 /* VideoCell.swift */,
				59AAC0AA1DE18718007ADE97 /* VideoCollectionContract.swift */,
			);
			name = collection;
			sourceTree = "<group>";
		};
		590A83691C5C9E31000C6179 /* constants */ = {
			isa = PBXGroup;
			children = (
				590A836A1C5C9E58000C6179 /* SegueIdentifier.swift */,
				596456D41C721437005FA866 /* Screen.swift */,
				590DAECD1C7027F2002281B4 /* Text.swift */,
				59B3A9C81D9561BC00BAF092 /* Notifications.swift */,
			);
			name = constants;
			sourceTree = "<group>";
		};
		590DAEDD1C70A8A8002281B4 /* segmented */ = {
			isa = PBXGroup;
			children = (
				59A88ABB1C4B1BAD00D40B23 /* SegmentedVC.swift */,
				590DAEDE1C70A8C0002281B4 /* Segment.swift */,
				59047C641CA7C3EB0051C489 /* SegmentFactory.swift */,
				BE8CDDA11DFBF05500146016 /* SegmentedContract.swift */,
				BE8CDDA31DFBF1C200146016 /* SegmentsPresenter.swift */,
			);
			name = segmented;
			sourceTree = "<group>";
		};
		5926E85E1D9F47C0008D687B /* function */ = {
			isa = PBXGroup;
			children = (
				5926E8681D9F4B50008D687B /* video */,
				5926E8661D9F4A42008D687B /* player */,
				5926E8621D9F4946008D687B /* setting */,
			);
			name = function;
			sourceTree = "<group>";
		};
		5926E8621D9F4946008D687B /* setting */ = {
			isa = PBXGroup;
			children = (
				5926E8631D9F494F008D687B /* presentation */,
				5926E8641D9F4973008D687B /* domain */,
				5926E8741D9F4FDE008D687B /* data */,
			);
			name = setting;
			sourceTree = "<group>";
		};
		5926E8631D9F494F008D687B /* presentation */ = {
			isa = PBXGroup;
			children = (
				59B4F16B1D8E733B009068ED /* TeamSelectPresenter.swift */,
				59B4F1601D8E3CAC009068ED /* TeamSelectViewController.swift */,
				59B4F1611D8E3CAC009068ED /* TeamSelectViewController.xib */,
			);
			name = presentation;
			sourceTree = "<group>";
		};
		5926E8641D9F4973008D687B /* domain */ = {
			isa = PBXGroup;
			children = (
				5926E8651D9F499C008D687B /* model */,
				59B4F1671D8E6BEE009068ED /* TeamRepository.swift */,
				59B4F1651D8E68CC009068ED /* TeamUseCase.swift */,
			);
			name = domain;
			sourceTree = "<group>";
		};
		5926E8651D9F499C008D687B /* model */ = {
			isa = PBXGroup;
			children = (
				59B4F16D1D8F66F8009068ED /* Team.swift */,
			);
			name = model;
			sourceTree = "<group>";
		};
		5926E8661D9F4A42008D687B /* player */ = {
			isa = PBXGroup;
			children = (
				5926E8671D9F4A49008D687B /* presentation */,
			);
			name = player;
			sourceTree = "<group>";
		};
		5926E8671D9F4A49008D687B /* presentation */ = {
			isa = PBXGroup;
			children = (
				59751D9D1CF5E05C00B704D2 /* PlayVideoPresenter.swift */,
				0CD0D5731C6B62E900A24DED /* PlayerVC.swift */,
				BE8CDD9F1DFBCE4500146016 /* PlayerContract.swift */,
			);
			name = presentation;
			sourceTree = "<group>";
		};
		5926E8681D9F4B50008D687B /* video */ = {
			isa = PBXGroup;
			children = (
				5926E8691D9F4B59008D687B /* presentation */,
				5926E86B1D9F4BCD008D687B /* domain */,
				5926E86E1D9F4C57008D687B /* data */,
			);
			name = video;
			sourceTree = "<group>";
		};
		5926E8691D9F4B59008D687B /* presentation */ = {
			isa = PBXGroup;
			children = (
				590DAEDD1C70A8A8002281B4 /* segmented */,
				590A83611C54F4A4000C6179 /* collection */,
			);
			name = presentation;
			sourceTree = "<group>";
		};
		5926E86B1D9F4BCD008D687B /* domain */ = {
			isa = PBXGroup;
			children = (
				59047C4F1CA771080051C489 /* Model */,
				59047C661CA7C4600051C489 /* LoadVideoUseCase.swift */,
				59047C601CA7AD8A0051C489 /* VideoTranslater.swift */,
				5926E86C1D9F4C3F008D687B /* favorite */,
				5926E86D1D9F4C4A008D687B /* search */,
			);
			name = domain;
			sourceTree = "<group>";
		};
		5926E86C1D9F4C3F008D687B /* favorite */ = {
			isa = PBXGroup;
			children = (
				590491AA1CC23EA200FEABAD /* FavoritesRepository.swift */,
				590491AD1CC2439500FEABAD /* DummyFavoritesRepository.swift */,
				590491A81CC23D0E00FEABAD /* FavoriteListUseCase.swift */,
			);
			name = favorite;
			sourceTree = "<group>";
		};
		5926E86D1D9F4C4A008D687B /* search */ = {
			isa = PBXGroup;
			children = (
				590491C71CCCE44500FEABAD /* SearchVideoRepository.swift */,
				59047C541CA786AC0051C489 /* SearchVideoUseCase.swift */,
				59B91F611D79BBC000548945 /* VideoExcluder.swift */,
			);
			name = search;
			sourceTree = "<group>";
		};
		5926E86E1D9F4C57008D687B /* data */ = {
			isa = PBXGroup;
			children = (
				5926E8701D9F4C68008D687B /* favorite */,
				5926E86F1D9F4C61008D687B /* search */,
			);
			name = data;
			sourceTree = "<group>";
		};
		5926E86F1D9F4C61008D687B /* search */ = {
			isa = PBXGroup;
			children = (
				596456D81C7E03ED005FA866 /* Http.swift */,
				590A83581C546397000C6179 /* YouTube */,
			);
			name = search;
			sourceTree = "<group>";
		};
		5926E8701D9F4C68008D687B /* favorite */ = {
			isa = PBXGroup;
			children = (
				590491B21CCB18E700FEABAD /* FavoritesDatasource.swift */,
				590491C01CCB207200FEABAD /* Favorites.xcdatamodeld */,
				590491C31CCB212F00FEABAD /* FavoriteVideo+CoreDataProperties.swift */,
				590491C41CCB212F00FEABAD /* FavoriteVideo.swift */,
			);
			name = favorite;
			sourceTree = "<group>";
		};
		5926E8711D9F4D28008D687B /* common */ = {
			isa = PBXGroup;
			children = (
				590A83691C5C9E31000C6179 /* constants */,
				590A83551C5390A8000C6179 /* extension */,
				5926E8721D9F4D32008D687B /* customView */,
				59EE7D4C1DF3DE0B00121F7B /* ThreadExecutorProtocol.swift */,
				59EE7D4E1DF3E17200121F7B /* ThreadExecutor.swift */,
			);
			name = common;
			sourceTree = "<group>";
		};
		5926E8721D9F4D32008D687B /* customView */ = {
			isa = PBXGroup;
			children = (
				59ADE6D11CB2857B001A6BD0 /* TryReloadView.swift */,
				59ADE6D21CB2857B001A6BD0 /* TryReloadView.xib */,
			);
			name = customView;
			sourceTree = "<group>";
		};
		5926E8741D9F4FDE008D687B /* data */ = {
			isa = PBXGroup;
			children = (
				59B4F1691D8E6F69009068ED /* UserDefaultsDataSource.swift */,
			);
			name = data;
			sourceTree = "<group>";
		};
		59A88AAD1C4B1BAD00D40B23 = {
			isa = PBXGroup;
			children = (
				590DAED51C702B70002281B4 /* Localizable.strings */,
				59A88AB81C4B1BAD00D40B23 /* CatDogTube */,
				59A88ACD1C4B1BAD00D40B23 /* CatDogTubeTests */,
				59A88AD81C4B1BAD00D40B23 /* CatDogTubeUITests */,
				59A88AB71C4B1BAD00D40B23 /* Products */,
				8021351649DAD15CBB941E03 /* Frameworks */,
				1304634266D9100905F8F650 /* Pods */,
			);
			sourceTree = "<group>";
		};
		59A88AB71C4B1BAD00D40B23 /* Products */ = {
			isa = PBXGroup;
			children = (
				59A88AB61C4B1BAD00D40B23 /* CatDogTube.app */,
				59A88ACA1C4B1BAD00D40B23 /* CatDogTubeTests.xctest */,
				59A88AD51C4B1BAD00D40B23 /* CatDogTubeUITests.xctest */,
			);
			name = Products;
			sourceTree = "<group>";
		};
		59A88AB81C4B1BAD00D40B23 /* CatDogTube */ = {
			isa = PBXGroup;
			children = (
				5926E8711D9F4D28008D687B /* common */,
				5926E85E1D9F47C0008D687B /* function */,
				59A88AB91C4B1BAD00D40B23 /* AppDelegate.swift */,
				59751D991CF0077400B704D2 /* MainVC.swift */,
				59A88ABD1C4B1BAD00D40B23 /* Main.storyboard */,
				59A88AC01C4B1BAD00D40B23 /* Assets.xcassets */,
				59A88AC21C4B1BAD00D40B23 /* LaunchScreen.storyboard */,
				59A88AC51C4B1BAD00D40B23 /* Info.plist */,
				59A88AE71C4B2DA000D40B23 /* Settings.bundle */,
			);
			path = CatDogTube;
			sourceTree = "<group>";
		};
		59A88ACD1C4B1BAD00D40B23 /* CatDogTubeTests */ = {
			isa = PBXGroup;
			children = (
				595765991DE088D000FEBAD8 /* GeneratedMocks.swift */,
				59A88ACE1C4B1BAD00D40B23 /* CatDogTubeTests.swift */,
				59B91F631D79C3B700548945 /* VideoExcluderTests.swift */,
				59774B5B1C82877D00302A65 /* HttpTests.swift */,
				5995F3971C9545F700F07172 /* NSCalendarTests.swift */,
				59751D9F1CF92CDE00B704D2 /* PlayVideoPresenterTests.swift */,
				59AAC0AC1DE19DEE007ADE97 /* LoadVideoPresernterTests.swift */,
				59B4F16F1D8F7A70009068ED /* TeamTests.swift */,
				595765A91DE12B1300FEBAD8 /* TeamRepositoryTests.swift */,
				590A835B1C5469EA000C6179 /* YouTubeDataParserTests.swift */,
				59ADE6CB1CB2365A001A6BD0 /* VideoTranslaterTests.swift */,
				590A835D1C546A16000C6179 /* searchResponse.json */,
				59A88AD01C4B1BAD00D40B23 /* Info.plist */,
				59EE7D501DF3E48800121F7B /* DummyThreadExecutor.swift */,
			);
			path = CatDogTubeTests;
			sourceTree = "<group>";
		};
		59A88AD81C4B1BAD00D40B23 /* CatDogTubeUITests */ = {
			isa = PBXGroup;
			children = (
				59A88AD91C4B1BAD00D40B23 /* CatDogTubeUITests.swift */,
				59A88ADB1C4B1BAD00D40B23 /* Info.plist */,
			);
			path = CatDogTubeUITests;
			sourceTree = "<group>";
		};
		8021351649DAD15CBB941E03 /* Frameworks */ = {
			isa = PBXGroup;
			children = (
				5D3C53F122BC3D82F0D236E6 /* Pods.framework */,
				D806D44D3A88D5DB77DFD26B /* Pods_CatDogTube.framework */,
				56474FC43CBA4C3810643B69 /* Pods_CatDogTubeTests.framework */,
				DE67EEB29397D671B1E46C7B /* Pods_CatDogTubeUITests.framework */,
			);
			name = Frameworks;
			sourceTree = "<group>";
		};
/* End PBXGroup section */

/* Begin PBXNativeTarget section */
		59A88AB51C4B1BAD00D40B23 /* CatDogTube */ = {
			isa = PBXNativeTarget;
			buildConfigurationList = 59A88ADE1C4B1BAD00D40B23 /* Build configuration list for PBXNativeTarget "CatDogTube" */;
			buildPhases = (
				947F77EE911FF6981784C2BF /* [CP] Check Pods Manifest.lock */,
				59A88AB21C4B1BAD00D40B23 /* Sources */,
				59A88AB31C4B1BAD00D40B23 /* Frameworks */,
				59A88AB41C4B1BAD00D40B23 /* Resources */,
				59A88AE91C4B2F9A00D40B23 /* ShellScript */,
				590DAECC1C701B3D002281B4 /* ShellScript */,
				81B78823573EC7D6955F33CB /* [CP] Embed Pods Frameworks */,
				C36726954F86CE2569221CF6 /* [CP] Copy Pods Resources */,
			);
			buildRules = (
			);
			dependencies = (
			);
			name = CatDogTube;
			productName = CatDogTube;
			productReference = 59A88AB61C4B1BAD00D40B23 /* CatDogTube.app */;
			productType = "com.apple.product-type.application";
		};
		59A88AC91C4B1BAD00D40B23 /* CatDogTubeTests */ = {
			isa = PBXNativeTarget;
			buildConfigurationList = 59A88AE11C4B1BAD00D40B23 /* Build configuration list for PBXNativeTarget "CatDogTubeTests" */;
			buildPhases = (
				B4B67FD91E4F0F6623545157 /* [CP] Check Pods Manifest.lock */,
				595765981DE0877100FEBAD8 /* ShellScript */,
				59A88AC61C4B1BAD00D40B23 /* Sources */,
				59A88AC71C4B1BAD00D40B23 /* Frameworks */,
				59A88AC81C4B1BAD00D40B23 /* Resources */,
				8CA710DA7D32D2AA56CB9FE8 /* [CP] Embed Pods Frameworks */,
				AFC33505827C6C4D0629D718 /* [CP] Copy Pods Resources */,
			);
			buildRules = (
			);
			dependencies = (
				59A88ACC1C4B1BAD00D40B23 /* PBXTargetDependency */,
			);
			name = CatDogTubeTests;
			productName = CatDogTubeTests;
			productReference = 59A88ACA1C4B1BAD00D40B23 /* CatDogTubeTests.xctest */;
			productType = "com.apple.product-type.bundle.unit-test";
		};
		59A88AD41C4B1BAD00D40B23 /* CatDogTubeUITests */ = {
			isa = PBXNativeTarget;
			buildConfigurationList = 59A88AE41C4B1BAD00D40B23 /* Build configuration list for PBXNativeTarget "CatDogTubeUITests" */;
			buildPhases = (
				20E4D6B1ED45832D83DFA398 /* [CP] Check Pods Manifest.lock */,
				59A88AD11C4B1BAD00D40B23 /* Sources */,
				59A88AD21C4B1BAD00D40B23 /* Frameworks */,
				59A88AD31C4B1BAD00D40B23 /* Resources */,
				B652CF99F1C439237041BE91 /* [CP] Embed Pods Frameworks */,
				F023BD52ED2E21FFF009F307 /* [CP] Copy Pods Resources */,
			);
			buildRules = (
			);
			dependencies = (
				59A88AD71C4B1BAD00D40B23 /* PBXTargetDependency */,
			);
			name = CatDogTubeUITests;
			productName = CatDogTubeUITests;
			productReference = 59A88AD51C4B1BAD00D40B23 /* CatDogTubeUITests.xctest */;
			productType = "com.apple.product-type.bundle.ui-testing";
		};
/* End PBXNativeTarget section */

/* Begin PBXProject section */
		59A88AAE1C4B1BAD00D40B23 /* Project object */ = {
			isa = PBXProject;
			attributes = {
				LastSwiftUpdateCheck = 0720;
				LastUpgradeCheck = 0820;
				ORGANIZATIONNAME = "Kenichiro Sato";
				TargetAttributes = {
					59A88AB51C4B1BAD00D40B23 = {
						CreatedOnToolsVersion = 7.2;
						DevelopmentTeam = H2W9ZJ8C83;
						LastSwiftMigration = 0800;
						ProvisioningStyle = Manual;
					};
					59A88AC91C4B1BAD00D40B23 = {
						CreatedOnToolsVersion = 7.2;
						DevelopmentTeam = H2W9ZJ8C83;
						LastSwiftMigration = 0800;
						ProvisioningStyle = Manual;
						TestTargetID = 59A88AB51C4B1BAD00D40B23;
					};
					59A88AD41C4B1BAD00D40B23 = {
						CreatedOnToolsVersion = 7.2;
						DevelopmentTeam = H2W9ZJ8C83;
						LastSwiftMigration = 0800;
						ProvisioningStyle = Manual;
						TestTargetID = 59A88AB51C4B1BAD00D40B23;
					};
				};
			};
			buildConfigurationList = 59A88AB11C4B1BAD00D40B23 /* Build configuration list for PBXProject "CatDogTube" */;
			compatibilityVersion = "Xcode 3.2";
			developmentRegion = English;
			hasScannedForEncodings = 0;
			knownRegions = (
				en,
				Base,
				ja,
			);
			mainGroup = 59A88AAD1C4B1BAD00D40B23;
			productRefGroup = 59A88AB71C4B1BAD00D40B23 /* Products */;
			projectDirPath = "";
			projectRoot = "";
			targets = (
				59A88AB51C4B1BAD00D40B23 /* CatDogTube */,
				59A88AC91C4B1BAD00D40B23 /* CatDogTubeTests */,
				59A88AD41C4B1BAD00D40B23 /* CatDogTubeUITests */,
			);
		};
/* End PBXProject section */

/* Begin PBXResourcesBuildPhase section */
		59A88AB41C4B1BAD00D40B23 /* Resources */ = {
			isa = PBXResourcesBuildPhase;
			buildActionMask = 2147483647;
			files = (
				590DAED31C702B70002281B4 /* Localizable.strings in Resources */,
				59A88AE81C4B2DA000D40B23 /* Settings.bundle in Resources */,
				59A88AC41C4B1BAD00D40B23 /* LaunchScreen.storyboard in Resources */,
				59B4F1631D8E3CAC009068ED /* TeamSelectViewController.xib in Resources */,
				59ADE6D41CB2857B001A6BD0 /* TryReloadView.xib in Resources */,
				59A88AC11C4B1BAD00D40B23 /* Assets.xcassets in Resources */,
				59A88ABF1C4B1BAD00D40B23 /* Main.storyboard in Resources */,
			);
			runOnlyForDeploymentPostprocessing = 0;
		};
		59A88AC81C4B1BAD00D40B23 /* Resources */ = {
			isa = PBXResourcesBuildPhase;
			buildActionMask = 2147483647;
			files = (
				590A835E1C546A16000C6179 /* searchResponse.json in Resources */,
			);
			runOnlyForDeploymentPostprocessing = 0;
		};
		59A88AD31C4B1BAD00D40B23 /* Resources */ = {
			isa = PBXResourcesBuildPhase;
			buildActionMask = 2147483647;
			files = (
			);
			runOnlyForDeploymentPostprocessing = 0;
		};
/* End PBXResourcesBuildPhase section */

/* Begin PBXShellScriptBuildPhase section */
		20E4D6B1ED45832D83DFA398 /* [CP] Check Pods Manifest.lock */ = {
			isa = PBXShellScriptBuildPhase;
			buildActionMask = 2147483647;
			files = (
			);
			inputPaths = (
			);
			name = "[CP] Check Pods Manifest.lock";
			outputPaths = (
			);
			runOnlyForDeploymentPostprocessing = 0;
			shellPath = /bin/sh;
			shellScript = "diff \"${PODS_ROOT}/../Podfile.lock\" \"${PODS_ROOT}/Manifest.lock\" > /dev/null\nif [ $? != 0 ] ; then\n    # print error to STDERR\n    echo \"error: The sandbox is not in sync with the Podfile.lock. Run 'pod install' or update your CocoaPods installation.\" >&2\n    exit 1\nfi\n";
			showEnvVarsInLog = 0;
		};
		590DAECC1C701B3D002281B4 /* ShellScript */ = {
			isa = PBXShellScriptBuildPhase;
			buildActionMask = 2147483647;
			files = (
			);
			inputPaths = (
			);
			outputPaths = (
			);
			runOnlyForDeploymentPostprocessing = 0;
			shellPath = /bin/sh;
			shellScript = "\"${PODS_ROOT}/Fabric/run\" 74c6959f11db7982048c578bd1b27ba01ee06673 55ca640f7f5aeacb49113690a22bcae3ed56b5295229ae1ceafe783cd862abe6";
		};
		595765981DE0877100FEBAD8 /* ShellScript */ = {
			isa = PBXShellScriptBuildPhase;
			buildActionMask = 2147483647;
			files = (
			);
			inputPaths = (
			);
			outputPaths = (
			);
			runOnlyForDeploymentPostprocessing = 0;
			shellPath = /bin/sh;
			shellScript = "# Define output file; change \"${PROJECT_NAME}Tests\" to your test's root source folder, if it's not the default name\nOUTPUT_FILE=\"./${PROJECT_NAME}Tests/GeneratedMocks.swift\"\necho \"Generated Mocks File = ${OUTPUT_FILE}\"\n\n# Define input directory; change \"${PROJECT_NAME}\" to your project's root source folder, if it's not the default name\nINPUT_DIR=\"./${PROJECT_NAME}\"\necho \"Mocks Input Directory = ${INPUT_DIR}\"\n\n# Generate mock files; include as many input files as you'd like to create mocks for\n${PODS_ROOT}/Cuckoo/run generate --testable \"${PROJECT_NAME}\" \\\n--output \"${OUTPUT_FILE}\" \\\n\"${INPUT_DIR}/Team.swift\" \\\n\"${INPUT_DIR}/Video.swift\" \\\n\"${INPUT_DIR}/LoadVideoUseCase.swift\" \\\n\"${INPUT_DIR}/VideoCollectionContract.swift\" \\\n\"${INPUT_DIR}/TeamRepository.swift\" \\\n\"${INPUT_DIR}/PlayerContract.swift\"\n\n# ... and so forth\n\n# After running once, locate `GeneratedMocks.swift` and drag it into your Xcode test target group";
		};
		59A88AE91C4B2F9A00D40B23 /* ShellScript */ = {
			isa = PBXShellScriptBuildPhase;
			buildActionMask = 2147483647;
			files = (
			);
			inputPaths = (
			);
			outputPaths = (
			);
			runOnlyForDeploymentPostprocessing = 0;
			shellPath = /bin/sh;
			shellScript = "APP_VERSION=$(/usr/libexec/PlistBuddy -c \"Print CFBundleShortVersionString\" $PRODUCT_SETTINGS_PATH)\n/usr/libexec/PlistBuddy -c \"Set :PreferenceSpecifiers:1:DefaultValue ${APP_VERSION}\" \"${BUILT_PRODUCTS_DIR}/${WRAPPER_NAME}/Settings.bundle/Root.plist\"\n";
		};
		81B78823573EC7D6955F33CB /* [CP] Embed Pods Frameworks */ = {
			isa = PBXShellScriptBuildPhase;
			buildActionMask = 2147483647;
			files = (
			);
			inputPaths = (
			);
			name = "[CP] Embed Pods Frameworks";
			outputPaths = (
			);
			runOnlyForDeploymentPostprocessing = 0;
			shellPath = /bin/sh;
			shellScript = "\"${SRCROOT}/Pods/Target Support Files/Pods-CatDogTube/Pods-CatDogTube-frameworks.sh\"\n";
			showEnvVarsInLog = 0;
		};
		8CA710DA7D32D2AA56CB9FE8 /* [CP] Embed Pods Frameworks */ = {
			isa = PBXShellScriptBuildPhase;
			buildActionMask = 2147483647;
			files = (
			);
			inputPaths = (
			);
			name = "[CP] Embed Pods Frameworks";
			outputPaths = (
			);
			runOnlyForDeploymentPostprocessing = 0;
			shellPath = /bin/sh;
			shellScript = "\"${SRCROOT}/Pods/Target Support Files/Pods-CatDogTubeTests/Pods-CatDogTubeTests-frameworks.sh\"\n";
			showEnvVarsInLog = 0;
		};
		947F77EE911FF6981784C2BF /* [CP] Check Pods Manifest.lock */ = {
			isa = PBXShellScriptBuildPhase;
			buildActionMask = 2147483647;
			files = (
			);
			inputPaths = (
			);
			name = "[CP] Check Pods Manifest.lock";
			outputPaths = (
			);
			runOnlyForDeploymentPostprocessing = 0;
			shellPath = /bin/sh;
			shellScript = "diff \"${PODS_ROOT}/../Podfile.lock\" \"${PODS_ROOT}/Manifest.lock\" > /dev/null\nif [ $? != 0 ] ; then\n    # print error to STDERR\n    echo \"error: The sandbox is not in sync with the Podfile.lock. Run 'pod install' or update your CocoaPods installation.\" >&2\n    exit 1\nfi\n";
			showEnvVarsInLog = 0;
		};
		AFC33505827C6C4D0629D718 /* [CP] Copy Pods Resources */ = {
			isa = PBXShellScriptBuildPhase;
			buildActionMask = 2147483647;
			files = (
			);
			inputPaths = (
			);
			name = "[CP] Copy Pods Resources";
			outputPaths = (
			);
			runOnlyForDeploymentPostprocessing = 0;
			shellPath = /bin/sh;
			shellScript = "\"${SRCROOT}/Pods/Target Support Files/Pods-CatDogTubeTests/Pods-CatDogTubeTests-resources.sh\"\n";
			showEnvVarsInLog = 0;
		};
		B4B67FD91E4F0F6623545157 /* [CP] Check Pods Manifest.lock */ = {
			isa = PBXShellScriptBuildPhase;
			buildActionMask = 2147483647;
			files = (
			);
			inputPaths = (
			);
			name = "[CP] Check Pods Manifest.lock";
			outputPaths = (
			);
			runOnlyForDeploymentPostprocessing = 0;
			shellPath = /bin/sh;
			shellScript = "diff \"${PODS_ROOT}/../Podfile.lock\" \"${PODS_ROOT}/Manifest.lock\" > /dev/null\nif [ $? != 0 ] ; then\n    # print error to STDERR\n    echo \"error: The sandbox is not in sync with the Podfile.lock. Run 'pod install' or update your CocoaPods installation.\" >&2\n    exit 1\nfi\n";
			showEnvVarsInLog = 0;
		};
		B652CF99F1C439237041BE91 /* [CP] Embed Pods Frameworks */ = {
			isa = PBXShellScriptBuildPhase;
			buildActionMask = 2147483647;
			files = (
			);
			inputPaths = (
			);
			name = "[CP] Embed Pods Frameworks";
			outputPaths = (
			);
			runOnlyForDeploymentPostprocessing = 0;
			shellPath = /bin/sh;
			shellScript = "\"${SRCROOT}/Pods/Target Support Files/Pods-CatDogTubeUITests/Pods-CatDogTubeUITests-frameworks.sh\"\n";
			showEnvVarsInLog = 0;
		};
		C36726954F86CE2569221CF6 /* [CP] Copy Pods Resources */ = {
			isa = PBXShellScriptBuildPhase;
			buildActionMask = 2147483647;
			files = (
			);
			inputPaths = (
			);
			name = "[CP] Copy Pods Resources";
			outputPaths = (
			);
			runOnlyForDeploymentPostprocessing = 0;
			shellPath = /bin/sh;
			shellScript = "\"${SRCROOT}/Pods/Target Support Files/Pods-CatDogTube/Pods-CatDogTube-resources.sh\"\n";
			showEnvVarsInLog = 0;
		};
		F023BD52ED2E21FFF009F307 /* [CP] Copy Pods Resources */ = {
			isa = PBXShellScriptBuildPhase;
			buildActionMask = 2147483647;
			files = (
			);
			inputPaths = (
			);
			name = "[CP] Copy Pods Resources";
			outputPaths = (
			);
			runOnlyForDeploymentPostprocessing = 0;
			shellPath = /bin/sh;
			shellScript = "\"${SRCROOT}/Pods/Target Support Files/Pods-CatDogTubeUITests/Pods-CatDogTubeUITests-resources.sh\"\n";
			showEnvVarsInLog = 0;
		};
/* End PBXShellScriptBuildPhase section */

/* Begin PBXSourcesBuildPhase section */
		59A88AB21C4B1BAD00D40B23 /* Sources */ = {
			isa = PBXSourcesBuildPhase;
			buildActionMask = 2147483647;
			files = (
				590DAEDC1C70464B002281B4 /* UIImage+extension.swift in Sources */,
				BE8CDDA01DFBCE4500146016 /* PlayerContract.swift in Sources */,
				5990C07A1C6C1D22006762CE /* UIViewController+extension.swift in Sources */,
				590DAECE1C7027F2002281B4 /* Text.swift in Sources */,
				59B3A9CB1D9766BE00BAF092 /* UIView+extension.swift in Sources */,
				59047C5E1CA7A7910051C489 /* YouTubeDataSource.swift in Sources */,
				59047C551CA786AC0051C489 /* SearchVideoUseCase.swift in Sources */,
				59047C5B1CA7A61B0051C489 /* YouTubeVideo.swift in Sources */,
				590A83631C54F4EA000C6179 /* VideoCollectionDataSource.swift in Sources */,
				59751D9C1CF00AF700B704D2 /* UIStoryBoard+extension.swift in Sources */,
				59B4F1661D8E68CC009068ED /* TeamUseCase.swift in Sources */,
				59B4F16E1D8F66F8009068ED /* Team.swift in Sources */,
				59B4F16A1D8E6F69009068ED /* UserDefaultsDataSource.swift in Sources */,
				59751D9E1CF5E05C00B704D2 /* PlayVideoPresenter.swift in Sources */,
				59B4F1681D8E6BEE009068ED /* TeamRepository.swift in Sources */,
				59EE7D4F1DF3E17200121F7B /* ThreadExecutor.swift in Sources */,
				596456D91C7E03ED005FA866 /* Http.swift in Sources */,
				59047C611CA7AD8A0051C489 /* VideoTranslater.swift in Sources */,
				590491A71CC1EA3700FEABAD /* ContentType.swift in Sources */,
				59047C671CA7C4600051C489 /* LoadVideoUseCase.swift in Sources */,
				590A835A1C5463BB000C6179 /* YouTubeDataParser.swift in Sources */,
				596456D51C721437005FA866 /* Screen.swift in Sources */,
				59047C691CA7FCF00051C489 /* LoadVideoPresenter.swift in Sources */,
				5990C0781C66F9EE006762CE /* UIScrollView+extension.swift in Sources */,
				590491AB1CC23EA200FEABAD /* FavoritesRepository.swift in Sources */,
				0CD0D5741C6B62E900A24DED /* PlayerVC.swift in Sources */,
				590A83651C54F6BE000C6179 /* VideoCell.swift in Sources */,
				59ADE6CE1CB24A87001A6BD0 /* NSThread+extension.swift in Sources */,
				59047C651CA7C3EB0051C489 /* SegmentFactory.swift in Sources */,
				5995F39A1C954EB500F07172 /* NSDate+extension.swift in Sources */,
				59751D9A1CF0077400B704D2 /* MainVC.swift in Sources */,
				590A83601C54ED8E000C6179 /* VideoCollectionVC.swift in Sources */,
				590491B31CCB18E700FEABAD /* FavoritesDatasource.swift in Sources */,
				590491AE1CC2439500FEABAD /* DummyFavoritesRepository.swift in Sources */,
				5995F3961C95453F00F07172 /* NSCalender+extension.swift in Sources */,
				590491C61CCB212F00FEABAD /* FavoriteVideo.swift in Sources */,
				590491C81CCCE44500FEABAD /* SearchVideoRepository.swift in Sources */,
				59A88ABC1C4B1BAD00D40B23 /* SegmentedVC.swift in Sources */,
				59B4F1621D8E3CAC009068ED /* TeamSelectViewController.swift in Sources */,
				59B4F16C1D8E733B009068ED /* TeamSelectPresenter.swift in Sources */,
				590491C51CCB212F00FEABAD /* FavoriteVideo+CoreDataProperties.swift in Sources */,
				59EE7D4D1DF3DE0B00121F7B /* ThreadExecutorProtocol.swift in Sources */,
				59B91F621D79BBC000548945 /* VideoExcluder.swift in Sources */,
				590491A91CC23D0E00FEABAD /* FavoriteListUseCase.swift in Sources */,
				59AAC0AB1DE18718007ADE97 /* VideoCollectionContract.swift in Sources */,
				59B3A9C91D9561BC00BAF092 /* Notifications.swift in Sources */,
				590A83571C5390C8000C6179 /* String+extension.swift in Sources */,
				590A83541C532858000C6179 /* Video.swift in Sources */,
				590491C21CCB207200FEABAD /* Favorites.xcdatamodeld in Sources */,
				5991FEA01C6ECA8A007F484A /* UIImageView+extension.swift in Sources */,
				590DAEDF1C70A8C0002281B4 /* Segment.swift in Sources */,
				BE8CDDA41DFBF1C200146016 /* SegmentsPresenter.swift in Sources */,
				590A836B1C5C9E58000C6179 /* SegueIdentifier.swift in Sources */,
				BE8CDDA21DFBF05500146016 /* SegmentedContract.swift in Sources */,
				59A88ABA1C4B1BAD00D40B23 /* AppDelegate.swift in Sources */,
				59ADE6D31CB2857B001A6BD0 /* TryReloadView.swift in Sources */,
				59751DA21CF9305300B704D2 /* UIDevice+extension.swift in Sources */,
			);
			runOnlyForDeploymentPostprocessing = 0;
		};
		59A88AC61C4B1BAD00D40B23 /* Sources */ = {
			isa = PBXSourcesBuildPhase;
			buildActionMask = 2147483647;
			files = (
				590A835C1C5469EA000C6179 /* YouTubeDataParserTests.swift in Sources */,
				59ADE6CC1CB2365A001A6BD0 /* VideoTranslaterTests.swift in Sources */,
				59A88ACF1C4B1BAD00D40B23 /* CatDogTubeTests.swift in Sources */,
				5995F3981C9545F700F07172 /* NSCalendarTests.swift in Sources */,
				5957659A1DE088D000FEBAD8 /* GeneratedMocks.swift in Sources */,
				59AAC0AD1DE19DEE007ADE97 /* LoadVideoPresernterTests.swift in Sources */,
				59B4F1701D8F7A70009068ED /* TeamTests.swift in Sources */,
				59B91F641D79C3B700548945 /* VideoExcluderTests.swift in Sources */,
				59751DA01CF92CDE00B704D2 /* PlayVideoPresenterTests.swift in Sources */,
				595765AA1DE12B1300FEBAD8 /* TeamRepositoryTests.swift in Sources */,
				59774B5C1C82877D00302A65 /* HttpTests.swift in Sources */,
				59EE7D511DF3E48800121F7B /* DummyThreadExecutor.swift in Sources */,
			);
			runOnlyForDeploymentPostprocessing = 0;
		};
		59A88AD11C4B1BAD00D40B23 /* Sources */ = {
			isa = PBXSourcesBuildPhase;
			buildActionMask = 2147483647;
			files = (
				59A88ADA1C4B1BAD00D40B23 /* CatDogTubeUITests.swift in Sources */,
			);
			runOnlyForDeploymentPostprocessing = 0;
		};
/* End PBXSourcesBuildPhase section */

/* Begin PBXTargetDependency section */
		59A88ACC1C4B1BAD00D40B23 /* PBXTargetDependency */ = {
			isa = PBXTargetDependency;
			target = 59A88AB51C4B1BAD00D40B23 /* CatDogTube */;
			targetProxy = 59A88ACB1C4B1BAD00D40B23 /* PBXContainerItemProxy */;
		};
		59A88AD71C4B1BAD00D40B23 /* PBXTargetDependency */ = {
			isa = PBXTargetDependency;
			target = 59A88AB51C4B1BAD00D40B23 /* CatDogTube */;
			targetProxy = 59A88AD61C4B1BAD00D40B23 /* PBXContainerItemProxy */;
		};
/* End PBXTargetDependency section */

/* Begin PBXVariantGroup section */
		590DAED51C702B70002281B4 /* Localizable.strings */ = {
			isa = PBXVariantGroup;
			children = (
				590DAED41C702B70002281B4 /* Base */,
				590DAED91C702C8D002281B4 /* ja */,
			);
			name = Localizable.strings;
			sourceTree = "<group>";
		};
		59A88ABD1C4B1BAD00D40B23 /* Main.storyboard */ = {
			isa = PBXVariantGroup;
			children = (
				59A88ABE1C4B1BAD00D40B23 /* Base */,
			);
			name = Main.storyboard;
			sourceTree = "<group>";
		};
		59A88AC21C4B1BAD00D40B23 /* LaunchScreen.storyboard */ = {
			isa = PBXVariantGroup;
			children = (
				59A88AC31C4B1BAD00D40B23 /* Base */,
			);
			name = LaunchScreen.storyboard;
			sourceTree = "<group>";
		};
/* End PBXVariantGroup section */

/* Begin XCBuildConfiguration section */
		59A88ADC1C4B1BAD00D40B23 /* Debug */ = {
			isa = XCBuildConfiguration;
			buildSettings = {
				ALWAYS_SEARCH_USER_PATHS = NO;
				CLANG_ANALYZER_LOCALIZABILITY_NONLOCALIZED = YES;
				CLANG_CXX_LANGUAGE_STANDARD = "gnu++0x";
				CLANG_CXX_LIBRARY = "libc++";
				CLANG_ENABLE_MODULES = YES;
				CLANG_ENABLE_OBJC_ARC = YES;
				CLANG_WARN_BOOL_CONVERSION = YES;
				CLANG_WARN_CONSTANT_CONVERSION = YES;
				CLANG_WARN_DIRECT_OBJC_ISA_USAGE = YES_ERROR;
				CLANG_WARN_EMPTY_BODY = YES;
				CLANG_WARN_ENUM_CONVERSION = YES;
				CLANG_WARN_INFINITE_RECURSION = YES;
				CLANG_WARN_INT_CONVERSION = YES;
				CLANG_WARN_OBJC_ROOT_CLASS = YES_ERROR;
				CLANG_WARN_SUSPICIOUS_MOVE = YES;
				CLANG_WARN_UNREACHABLE_CODE = YES;
				CLANG_WARN__DUPLICATE_METHOD_MATCH = YES;
				"CODE_SIGN_IDENTITY[sdk=iphoneos*]" = "iPhone Developer";
				COPY_PHASE_STRIP = NO;
				DEBUG_INFORMATION_FORMAT = dwarf;
				ENABLE_STRICT_OBJC_MSGSEND = YES;
				ENABLE_TESTABILITY = YES;
				GCC_C_LANGUAGE_STANDARD = gnu99;
				GCC_DYNAMIC_NO_PIC = NO;
				GCC_NO_COMMON_BLOCKS = YES;
				GCC_OPTIMIZATION_LEVEL = 0;
				GCC_PREPROCESSOR_DEFINITIONS = (
					"DEBUG=1",
					"$(inherited)",
				);
				GCC_WARN_64_TO_32_BIT_CONVERSION = YES;
				GCC_WARN_ABOUT_RETURN_TYPE = YES_ERROR;
				GCC_WARN_UNDECLARED_SELECTOR = YES;
				GCC_WARN_UNINITIALIZED_AUTOS = YES_AGGRESSIVE;
				GCC_WARN_UNUSED_FUNCTION = YES;
				GCC_WARN_UNUSED_VARIABLE = YES;
				IPHONEOS_DEPLOYMENT_TARGET = 9.0;
				MTL_ENABLE_DEBUG_INFO = YES;
				ONLY_ACTIVE_ARCH = YES;
				SDKROOT = iphoneos;
				SWIFT_OPTIMIZATION_LEVEL = "-Onone";
				TARGETED_DEVICE_FAMILY = "1,2";
			};
			name = Debug;
		};
		59A88ADD1C4B1BAD00D40B23 /* Release */ = {
			isa = XCBuildConfiguration;
			buildSettings = {
				ALWAYS_SEARCH_USER_PATHS = NO;
				CLANG_ANALYZER_LOCALIZABILITY_NONLOCALIZED = YES;
				CLANG_CXX_LANGUAGE_STANDARD = "gnu++0x";
				CLANG_CXX_LIBRARY = "libc++";
				CLANG_ENABLE_MODULES = YES;
				CLANG_ENABLE_OBJC_ARC = YES;
				CLANG_WARN_BOOL_CONVERSION = YES;
				CLANG_WARN_CONSTANT_CONVERSION = YES;
				CLANG_WARN_DIRECT_OBJC_ISA_USAGE = YES_ERROR;
				CLANG_WARN_EMPTY_BODY = YES;
				CLANG_WARN_ENUM_CONVERSION = YES;
				CLANG_WARN_INFINITE_RECURSION = YES;
				CLANG_WARN_INT_CONVERSION = YES;
				CLANG_WARN_OBJC_ROOT_CLASS = YES_ERROR;
				CLANG_WARN_SUSPICIOUS_MOVE = YES;
				CLANG_WARN_UNREACHABLE_CODE = YES;
				CLANG_WARN__DUPLICATE_METHOD_MATCH = YES;
				"CODE_SIGN_IDENTITY[sdk=iphoneos*]" = "iPhone Developer";
				COPY_PHASE_STRIP = NO;
				DEBUG_INFORMATION_FORMAT = "dwarf-with-dsym";
				ENABLE_NS_ASSERTIONS = NO;
				ENABLE_STRICT_OBJC_MSGSEND = YES;
				GCC_C_LANGUAGE_STANDARD = gnu99;
				GCC_NO_COMMON_BLOCKS = YES;
				GCC_WARN_64_TO_32_BIT_CONVERSION = YES;
				GCC_WARN_ABOUT_RETURN_TYPE = YES_ERROR;
				GCC_WARN_UNDECLARED_SELECTOR = YES;
				GCC_WARN_UNINITIALIZED_AUTOS = YES_AGGRESSIVE;
				GCC_WARN_UNUSED_FUNCTION = YES;
				GCC_WARN_UNUSED_VARIABLE = YES;
				IPHONEOS_DEPLOYMENT_TARGET = 9.0;
				MTL_ENABLE_DEBUG_INFO = NO;
				SDKROOT = iphoneos;
				SWIFT_OPTIMIZATION_LEVEL = "-Owholemodule";
				TARGETED_DEVICE_FAMILY = "1,2";
				VALIDATE_PRODUCT = YES;
			};
			name = Release;
		};
		59A88ADF1C4B1BAD00D40B23 /* Debug */ = {
			isa = XCBuildConfiguration;
			baseConfigurationReference = D7547870291555D3AD615F0C /* Pods-CatDogTube.debug.xcconfig */;
			buildSettings = {
				ALWAYS_EMBED_SWIFT_STANDARD_LIBRARIES = YES;
				ASSETCATALOG_COMPILER_APPICON_NAME = AppIcon;
				CODE_SIGN_IDENTITY = "iPhone Developer";
				"CODE_SIGN_IDENTITY[sdk=iphoneos*]" = "iPhone Developer";
				DEBUG_INFORMATION_FORMAT = "dwarf-with-dsym";
				DEVELOPMENT_TEAM = H2W9ZJ8C83;
				GCC_TREAT_WARNINGS_AS_ERRORS = NO;
				INFOPLIST_FILE = CatDogTube/Info.plist;
				LD_RUNPATH_SEARCH_PATHS = "$(inherited) @executable_path/Frameworks";
				PRODUCT_BUNDLE_IDENTIFIER = com.capken.catdogtube.develop;
				PRODUCT_NAME = "$(TARGET_NAME)";
				PROVISIONING_PROFILE = "d3f895e2-d55a-4a06-8a94-a2760f143afc";
				PROVISIONING_PROFILE_SPECIFIER = 20160903_provisioning;
				SWIFT_TREAT_WARNINGS_AS_ERRORS = YES;
				SWIFT_VERSION = 3.0;
				TARGETED_DEVICE_FAMILY = "1,2";
			};
			name = Debug;
		};
		59A88AE01C4B1BAD00D40B23 /* Release */ = {
			isa = XCBuildConfiguration;
			baseConfigurationReference = 9F593EC182E75B1D20E73949 /* Pods-CatDogTube.release.xcconfig */;
			buildSettings = {
				ALWAYS_EMBED_SWIFT_STANDARD_LIBRARIES = YES;
				ASSETCATALOG_COMPILER_APPICON_NAME = AppIcon;
				CODE_SIGN_IDENTITY = "iPhone Distribution";
				"CODE_SIGN_IDENTITY[sdk=iphoneos*]" = "iPhone Distribution";
				DEVELOPMENT_TEAM = H2W9ZJ8C83;
				GCC_TREAT_WARNINGS_AS_ERRORS = NO;
				INFOPLIST_FILE = CatDogTube/Info.plist;
				LD_RUNPATH_SEARCH_PATHS = "$(inherited) @executable_path/Frameworks";
				PRODUCT_BUNDLE_IDENTIFIER = com.capken.catdogtube.develop;
				PRODUCT_NAME = "$(TARGET_NAME)";
				PROVISIONING_PROFILE = "c6db84e7-96fb-4a6a-a417-a1c1b43398e8";
				PROVISIONING_PROFILE_SPECIFIER = Adhoc_20160904_sato_kenichiro;
				SWIFT_TREAT_WARNINGS_AS_ERRORS = YES;
				SWIFT_VERSION = 3.0;
				TARGETED_DEVICE_FAMILY = "1,2";
			};
			name = Release;
		};
		59A88AE21C4B1BAD00D40B23 /* Debug */ = {
			isa = XCBuildConfiguration;
			baseConfigurationReference = CCC5773A7B60027082CA6340 /* Pods-CatDogTubeTests.debug.xcconfig */;
			buildSettings = {
				ALWAYS_EMBED_SWIFT_STANDARD_LIBRARIES = YES;
				BUNDLE_LOADER = "$(TEST_HOST)";
				DEVELOPMENT_TEAM = H2W9ZJ8C83;
				INFOPLIST_FILE = CatDogTubeTests/Info.plist;
				LD_RUNPATH_SEARCH_PATHS = "$(inherited) @executable_path/Frameworks @loader_path/Frameworks";
				PRODUCT_BUNDLE_IDENTIFIER = com.capken.CatDogTubeTests;
				PRODUCT_NAME = "$(TARGET_NAME)";
				SWIFT_VERSION = 3.0;
				TEST_HOST = "$(BUILT_PRODUCTS_DIR)/CatDogTube.app/CatDogTube";
			};
			name = Debug;
		};
		59A88AE31C4B1BAD00D40B23 /* Release */ = {
			isa = XCBuildConfiguration;
			baseConfigurationReference = 0A25B3397100E83A4C82EA5F /* Pods-CatDogTubeTests.release.xcconfig */;
			buildSettings = {
				ALWAYS_EMBED_SWIFT_STANDARD_LIBRARIES = YES;
				BUNDLE_LOADER = "$(TEST_HOST)";
				"CODE_SIGN_IDENTITY[sdk=iphoneos*]" = "iPhone Distribution";
				DEVELOPMENT_TEAM = H2W9ZJ8C83;
				INFOPLIST_FILE = CatDogTubeTests/Info.plist;
				LD_RUNPATH_SEARCH_PATHS = "$(inherited) @executable_path/Frameworks @loader_path/Frameworks";
				PRODUCT_BUNDLE_IDENTIFIER = com.capken.CatDogTubeTests;
				PRODUCT_NAME = "$(TARGET_NAME)";
				SWIFT_VERSION = 3.0;
				TEST_HOST = "$(BUILT_PRODUCTS_DIR)/CatDogTube.app/CatDogTube";
			};
			name = Release;
		};
		59A88AE51C4B1BAD00D40B23 /* Debug */ = {
			isa = XCBuildConfiguration;
			baseConfigurationReference = F12275500D4CE045EEB48D28 /* Pods-CatDogTubeUITests.debug.xcconfig */;
			buildSettings = {
				DEVELOPMENT_TEAM = H2W9ZJ8C83;
				INFOPLIST_FILE = CatDogTubeUITests/Info.plist;
				LD_RUNPATH_SEARCH_PATHS = "$(inherited) @executable_path/Frameworks @loader_path/Frameworks";
				PRODUCT_BUNDLE_IDENTIFIER = com.capken.CatDogTubeUITests;
				PRODUCT_NAME = "$(TARGET_NAME)";
				PROVISIONING_PROFILE = "d3f895e2-d55a-4a06-8a94-a2760f143afc";
				PROVISIONING_PROFILE_SPECIFIER = 20160903_provisioning;
				SWIFT_VERSION = 3.0;
				TEST_TARGET_NAME = CatDogTube;
				USES_XCTRUNNER = YES;
			};
			name = Debug;
		};
		59A88AE61C4B1BAD00D40B23 /* Release */ = {
			isa = XCBuildConfiguration;
			baseConfigurationReference = F627FBA79D7A8E25AA30616E /* Pods-CatDogTubeUITests.release.xcconfig */;
			buildSettings = {
				"CODE_SIGN_IDENTITY[sdk=iphoneos*]" = "iPhone Developer";
				DEVELOPMENT_TEAM = H2W9ZJ8C83;
				INFOPLIST_FILE = CatDogTubeUITests/Info.plist;
				LD_RUNPATH_SEARCH_PATHS = "$(inherited) @executable_path/Frameworks @loader_path/Frameworks";
				PRODUCT_BUNDLE_IDENTIFIER = com.capken.CatDogTubeUITests;
				PRODUCT_NAME = "$(TARGET_NAME)";
				PROVISIONING_PROFILE = "d3f895e2-d55a-4a06-8a94-a2760f143afc";
				PROVISIONING_PROFILE_SPECIFIER = 20160903_provisioning;
				SWIFT_VERSION = 3.0;
				TEST_TARGET_NAME = CatDogTube;
				USES_XCTRUNNER = YES;
			};
			name = Release;
		};
/* End XCBuildConfiguration section */

/* Begin XCConfigurationList section */
		59A88AB11C4B1BAD00D40B23 /* Build configuration list for PBXProject "CatDogTube" */ = {
			isa = XCConfigurationList;
			buildConfigurations = (
				59A88ADC1C4B1BAD00D40B23 /* Debug */,
				59A88ADD1C4B1BAD00D40B23 /* Release */,
			);
			defaultConfigurationIsVisible = 0;
			defaultConfigurationName = Release;
		};
		59A88ADE1C4B1BAD00D40B23 /* Build configuration list for PBXNativeTarget "CatDogTube" */ = {
			isa = XCConfigurationList;
			buildConfigurations = (
				59A88ADF1C4B1BAD00D40B23 /* Debug */,
				59A88AE01C4B1BAD00D40B23 /* Release */,
			);
			defaultConfigurationIsVisible = 0;
			defaultConfigurationName = Release;
		};
		59A88AE11C4B1BAD00D40B23 /* Build configuration list for PBXNativeTarget "CatDogTubeTests" */ = {
			isa = XCConfigurationList;
			buildConfigurations = (
				59A88AE21C4B1BAD00D40B23 /* Debug */,
				59A88AE31C4B1BAD00D40B23 /* Release */,
			);
			defaultConfigurationIsVisible = 0;
			defaultConfigurationName = Release;
		};
		59A88AE41C4B1BAD00D40B23 /* Build configuration list for PBXNativeTarget "CatDogTubeUITests" */ = {
			isa = XCConfigurationList;
			buildConfigurations = (
				59A88AE51C4B1BAD00D40B23 /* Debug */,
				59A88AE61C4B1BAD00D40B23 /* Release */,
			);
			defaultConfigurationIsVisible = 0;
			defaultConfigurationName = Release;
		};
/* End XCConfigurationList section */

/* Begin XCVersionGroup section */
		590491C01CCB207200FEABAD /* Favorites.xcdatamodeld */ = {
			isa = XCVersionGroup;
			children = (
				590491C11CCB207200FEABAD /* Favorites.xcdatamodel */,
			);
			currentVersion = 590491C11CCB207200FEABAD /* Favorites.xcdatamodel */;
			path = Favorites.xcdatamodeld;
			sourceTree = "<group>";
			versionGroupType = wrapper.xcdatamodel;
		};
/* End XCVersionGroup section */
	};
	rootObject = 59A88AAE1C4B1BAD00D40B23 /* Project object */;
}
